
Microsoft Visual Studio Solution File, Format Version 12.00
# Visual Studio 2015
Project("{FAE04EC0-301F-11D3-BF4B-00C04F79EFBC}") = "Creatures in the Grass.CSharp", "Creatures in the Grass.CSharp.csproj", "{1BFA03CD-BD7F-F54B-B214-0EF6EB965166}"
EndProject
Global
	GlobalSection(SolutionConfigurationPlatforms) = preSolution
		Debug|Any CPU = Debug|Any CPU
		Release|Any CPU = Release|Any CPU
	EndGlobalSection
	GlobalSection(ProjectConfigurationPlatforms) = postSolution
		{1BFA03CD-BD7F-F54B-B214-0EF6EB965166}.Debug|Any CPU.ActiveCfg = Debug|Any CPU
		{1BFA03CD-BD7F-F54B-B214-0EF6EB965166}.Debug|Any CPU.Build.0 = Debug|Any CPU
		{1BFA03CD-BD7F-F54B-B214-0EF6EB965166}.Release|Any CPU.ActiveCfg = Release|Any CPU
		{1BFA03CD-BD7F-F54B-B214-0EF6EB965166}.Release|Any CPU.Build.0 = Release|Any CPU
	EndGlobalSection
	GlobalSection(SolutionProperties) = preSolution
		HideSolutionNode = FALSE
	EndGlobalSection
EndGlobal
